<?xml version="1.0" encoding="utf-8"?>
<Project ToolsVersion="4.0" xmlns="http://schemas.microsoft.com/developer/msbuild/2003">
  <ItemGroup>
    <Filter Include="Fichiers sources">
      <UniqueIdentifier>{4FC737F1-C7A5-4376-A066-2A32D752A2FF}</UniqueIdentifier>
      <Extensions>cpp;c;cc;cxx;c++;cppm;ixx;def;odl;idl;hpj;bat;asm;asmx</Extensions>
    </Filter>
    <Filter Include="Fichiers d%27en-tête">
      <UniqueIdentifier>{93995380-89BD-4b04-88EB-625FBE52EBFB}</UniqueIdentifier>
      <Extensions>h;hh;hpp;hxx;h++;hm;inl;inc;ipp;xsd</Extensions>
    </Filter>
    <Filter Include="Fichiers de ressources">
      <UniqueIdentifier>{67DA6AB6-F800-4c08-8B7A-83BB121AAD01}</UniqueIdentifier>
      <Extensions>rc;ico;cur;bmp;dlg;rc2;rct;bin;rgs;gif;jpg;jpeg;jpe;resx;tiff;tif;png;wav;mfcribbon-ms</Extensions>
    </Filter>
    <Filter Include="Fichiers d%27en-tête\Objet">
      <UniqueIdentifier>{fbac7d95-cf9a-4175-b24a-34da05a20f32}</UniqueIdentifier>
    </Filter>
    <Filter Include="Fichiers sources\Objet">
      <UniqueIdentifier>{1e6acc65-498b-417a-990a-0037a98a94c9}</UniqueIdentifier>
    </Filter>
    <Filter Include="Fichiers d%27en-tête\Objet\Equipement">
      <UniqueIdentifier>{ff33aecd-8952-42b4-b952-2adfb47aec6d}</UniqueIdentifier>
    </Filter>
    <Filter Include="Fichiers sources\Objet\Equipement">
      <UniqueIdentifier>{4d94213a-6dea-4592-b016-fc428be29146}</UniqueIdentifier>
    </Filter>
    <Filter Include="Fichiers de ressources\Gestion de projet">
      <UniqueIdentifier>{33000419-81c9-48c3-a031-bfe501a3ee09}</UniqueIdentifier>
    </Filter>
    <Filter Include="Fichiers de ressources\Ressources">
      <UniqueIdentifier>{690e37da-6995-49b5-8959-7bd53c302372}</UniqueIdentifier>
    </Filter>
  </ItemGroup>
  <ItemGroup>
    <ClCompile Include="Main.cpp">
      <Filter>Fichiers sources</Filter>
    </ClCompile>
    <ClCompile Include="Entite.cpp">
      <Filter>Fichiers sources</Filter>
    </ClCompile>
    <ClCompile Include="Perso.cpp">
      <Filter>Fichiers sources</Filter>
    </ClCompile>
    <ClCompile Include="Monstre.cpp">
      <Filter>Fichiers sources</Filter>
    </ClCompile>
    <ClCompile Include="Fight.cpp">
      <Filter>Fichiers sources</Filter>
    </ClCompile>
    <ClCompile Include="Inventaire.cpp">
      <Filter>Fichiers sources</Filter>
    </ClCompile>
    <ClCompile Include="Item.cpp">
      <Filter>Fichiers sources\Objet</Filter>
    </ClCompile>
    <ClCompile Include="Consommable.cpp">
      <Filter>Fichiers sources\Objet</Filter>
    </ClCompile>
    <ClCompile Include="Arme.cpp">
      <Filter>Fichiers sources\Objet\Equipement</Filter>
    </ClCompile>
    <ClCompile Include="Armure.cpp">
      <Filter>Fichiers sources\Objet\Equipement</Filter>
    </ClCompile>
    <ClCompile Include="Botte.cpp">
      <Filter>Fichiers sources\Objet\Equipement</Filter>
    </ClCompile>
    <ClCompile Include="Casque.cpp">
      <Filter>Fichiers sources\Objet\Equipement</Filter>
    </ClCompile>
    <ClCompile Include="Competence.cpp">
      <Filter>Fichiers sources</Filter>
    </ClCompile>
    <ClCompile Include="Effets.cpp">
      <Filter>Fichiers sources</Filter>
    </ClCompile>
    <ClCompile Include="Utilitaire.cpp">
      <Filter>Fichiers sources</Filter>
    </ClCompile>
    <ClCompile Include="AffichageConsole.cpp">
      <Filter>Fichiers sources</Filter>
    </ClCompile>
    <ClCompile Include="ICiblage.cpp">
      <Filter>Fichiers sources</Filter>
    </ClCompile>
    <ClCompile Include="InputConsole.cpp">
      <Filter>Fichiers sources</Filter>
    </ClCompile>
    <ClCompile Include="FileManagement.cpp">
      <Filter>Fichiers sources</Filter>
    </ClCompile>
    <ClCompile Include="Salle.cpp">
      <Filter>Fichiers sources</Filter>
    </ClCompile>
    <ClCompile Include="Donjon.cpp">
      <Filter>Fichiers sources</Filter>
    </ClCompile>
    <ClCompile Include="IStateSalle.cpp">
      <Filter>Fichiers sources</Filter>
    </ClCompile>
    <ClCompile Include="DungeonGenerator.cpp">
      <Filter>Fichiers sources</Filter>
    </ClCompile>
  </ItemGroup>
  <ItemGroup>
    <ClInclude Include="Entite.h">
      <Filter>Fichiers d%27en-tête</Filter>
    </ClInclude>
    <ClInclude Include="Perso.h">
      <Filter>Fichiers d%27en-tête</Filter>
    </ClInclude>
    <ClInclude Include="Monstre.h">
      <Filter>Fichiers d%27en-tête</Filter>
    </ClInclude>
    <ClInclude Include="Fight.h">
      <Filter>Fichiers d%27en-tête</Filter>
    </ClInclude>
    <ClInclude Include="Inventaire.h">
      <Filter>Fichiers d%27en-tête</Filter>
    </ClInclude>
    <ClInclude Include="Item.h">
      <Filter>Fichiers d%27en-tête\Objet</Filter>
    </ClInclude>
    <ClInclude Include="Consommable.h">
      <Filter>Fichiers d%27en-tête\Objet</Filter>
    </ClInclude>
    <ClInclude Include="Arme.h">
      <Filter>Fichiers d%27en-tête\Objet\Equipement</Filter>
    </ClInclude>
    <ClInclude Include="Armure.h">
      <Filter>Fichiers d%27en-tête\Objet\Equipement</Filter>
    </ClInclude>
    <ClInclude Include="Botte.h">
      <Filter>Fichiers d%27en-tête\Objet\Equipement</Filter>
    </ClInclude>
    <ClInclude Include="Casque.h">
      <Filter>Fichiers d%27en-tête\Objet\Equipement</Filter>
    </ClInclude>
    <ClInclude Include="Competence.h">
      <Filter>Fichiers d%27en-tête</Filter>
    </ClInclude>
    <ClInclude Include="Effets.h">
      <Filter>Fichiers d%27en-tête</Filter>
    </ClInclude>
    <ClInclude Include="Utilitaire.h">
      <Filter>Fichiers d%27en-tête</Filter>
    </ClInclude>
    <ClInclude Include="AffichageConsole.h">
      <Filter>Fichiers d%27en-tête</Filter>
    </ClInclude>
    <ClInclude Include="IUsable.h">
      <Filter>Fichiers d%27en-tête</Filter>
    </ClInclude>
    <ClInclude Include="ICiblage.h">
      <Filter>Fichiers d%27en-tête</Filter>
    </ClInclude>
    <ClInclude Include="InputConsole.h">
      <Filter>Fichiers d%27en-tête</Filter>
    </ClInclude>
    <ClInclude Include="FileManagement.h">
      <Filter>Fichiers d%27en-tête</Filter>
    </ClInclude>
    <ClInclude Include="Salle.h">
      <Filter>Fichiers d%27en-tête</Filter>
    </ClInclude>
    <ClInclude Include="Donjon.h">
      <Filter>Fichiers d%27en-tête</Filter>
    </ClInclude>
    <ClInclude Include="IStateSalle.h">
      <Filter>Fichiers d%27en-tête</Filter>
    </ClInclude>
    <ClInclude Include="DungeonGenerator.h">
      <Filter>Fichiers d%27en-tête</Filter>
    </ClInclude>
  </ItemGroup>
  <ItemGroup>
    <Text Include="..\ressources\Monstres.txt">
      <Filter>Fichiers de ressources\Ressources</Filter>
    </Text>
    <Text Include="..\gestion projet\Avancement.txt">
      <Filter>Fichiers de ressources\Gestion de projet</Filter>
    </Text>
    <Text Include="..\gestion projet\Description.txt">
      <Filter>Fichiers de ressources\Gestion de projet</Filter>
    </Text>
    <Text Include="..\gestion projet\note.txt">
      <Filter>Fichiers de ressources\Gestion de projet</Filter>
    </Text>
    <Text Include="..\ressources\log.txt">
      <Filter>Fichiers de ressources\Ressources</Filter>
    </Text>
    <Text Include="..\ressources\How to use file.txt">
      <Filter>Fichiers de ressources\Ressources</Filter>
    </Text>
  </ItemGroup>
</Project>